// !$*UTF8*$!
{
	archiveVersion = 1;
	classes = {
	};
	objectVersion = 46;
	objects = {

/* Begin PBXBuildFile section */
		A03678FB1F56DB6A00A4D845 /* AppDelegate.swift in Sources */ = {isa = PBXBuildFile; fileRef = A03678FA1F56DB6A00A4D845 /* AppDelegate.swift */; };
		A03678FD1F56DB6A00A4D845 /* MapViewController.swift in Sources */ = {isa = PBXBuildFile; fileRef = A03678FC1F56DB6A00A4D845 /* MapViewController.swift */; };
		A03679001F56DB6A00A4D845 /* MapViewController.storyboard in Resources */ = {isa = PBXBuildFile; fileRef = A03678FE1F56DB6A00A4D845 /* MapViewController.storyboard */; };
		A03679051F56DB6A00A4D845 /* LaunchScreen.storyboard in Resources */ = {isa = PBXBuildFile; fileRef = A03679031F56DB6A00A4D845 /* LaunchScreen.storyboard */; };
		A03679141F56E1D400A4D845 /* Assets.xcassets in Resources */ = {isa = PBXBuildFile; fileRef = A03679131F56E1D400A4D845 /* Assets.xcassets */; };
		A03679181F56E7C000A4D845 /* MainViewController.storyboard in Resources */ = {isa = PBXBuildFile; fileRef = A03679171F56E7C000A4D845 /* MainViewController.storyboard */; };
		A036791A1F56E7F100A4D845 /* MainViewController.swift in Sources */ = {isa = PBXBuildFile; fileRef = A03679191F56E7F100A4D845 /* MainViewController.swift */; };
		A036791C1F57B9EE00A4D845 /* LoginViewController.swift in Sources */ = {isa = PBXBuildFile; fileRef = A036791B1F57B9EE00A4D845 /* LoginViewController.swift */; };
		A036791E1F57B9FB00A4D845 /* LoginViewController.storyboard in Resources */ = {isa = PBXBuildFile; fileRef = A036791D1F57B9FB00A4D845 /* LoginViewController.storyboard */; };
		A03679201F57BA2100A4D845 /* SignUpViewController.swift in Sources */ = {isa = PBXBuildFile; fileRef = A036791F1F57BA2100A4D845 /* SignUpViewController.swift */; };
		A03679221F57BA2C00A4D845 /* SignUpViewController.storyboard in Resources */ = {isa = PBXBuildFile; fileRef = A03679211F57BA2C00A4D845 /* SignUpViewController.storyboard */; };
		A03679241F57BA4500A4D845 /* TicketViewController.storyboard in Resources */ = {isa = PBXBuildFile; fileRef = A03679231F57BA4500A4D845 /* TicketViewController.storyboard */; };
		A03679261F57BA5400A4D845 /* TicketViewController.swift in Sources */ = {isa = PBXBuildFile; fileRef = A03679251F57BA5400A4D845 /* TicketViewController.swift */; };
		A03679281F57BA7200A4D845 /* UserViewController.swift in Sources */ = {isa = PBXBuildFile; fileRef = A03679271F57BA7200A4D845 /* UserViewController.swift */; };
		A036792A1F57BA8B00A4D845 /* UserViewController.storyboard in Resources */ = {isa = PBXBuildFile; fileRef = A03679291F57BA8B00A4D845 /* UserViewController.storyboard */; };
		A036792C1F57BC3E00A4D845 /* CustomerServiceViewController.storyboard in Resources */ = {isa = PBXBuildFile; fileRef = A036792B1F57BC3E00A4D845 /* CustomerServiceViewController.storyboard */; };
		A036792E1F57BC4F00A4D845 /* CustomerServiceViewController.swift in Sources */ = {isa = PBXBuildFile; fileRef = A036792D1F57BC4F00A4D845 /* CustomerServiceViewController.swift */; };
		A03679301F57BC6100A4D845 /* SettingsViewController.swift in Sources */ = {isa = PBXBuildFile; fileRef = A036792F1F57BC6100A4D845 /* SettingsViewController.swift */; };
		A03679321F57BC8300A4D845 /* SettingsViewController.storyboard in Resources */ = {isa = PBXBuildFile; fileRef = A03679311F57BC8300A4D845 /* SettingsViewController.storyboard */; };
		A03679341F57BCF600A4D845 /* AlertUtil.swift in Sources */ = {isa = PBXBuildFile; fileRef = A03679331F57BCF600A4D845 /* AlertUtil.swift */; };
		A03679361F57BD5F00A4D845 /* Constants.swift in Sources */ = {isa = PBXBuildFile; fileRef = A03679351F57BD5F00A4D845 /* Constants.swift */; };
		A03679391F57D02300A4D845 /* DartUser.swift in Sources */ = {isa = PBXBuildFile; fileRef = A03679381F57D02300A4D845 /* DartUser.swift */; };
		A036793B1F57DBDE00A4D845 /* TimeUtil.swift in Sources */ = {isa = PBXBuildFile; fileRef = A036793A1F57DBDE00A4D845 /* TimeUtil.swift */; };
/* End PBXBuildFile section */

/* Begin PBXFileReference section */
		A03678F71F56DB6A00A4D845 /* DartApp.app */ = {isa = PBXFileReference; explicitFileType = wrapper.application; includeInIndex = 0; path = DartApp.app; sourceTree = BUILT_PRODUCTS_DIR; };
		A03678FA1F56DB6A00A4D845 /* AppDelegate.swift */ = {isa = PBXFileReference; lastKnownFileType = sourcecode.swift; path = AppDelegate.swift; sourceTree = "<group>"; };
		A03678FC1F56DB6A00A4D845 /* MapViewController.swift */ = {isa = PBXFileReference; lastKnownFileType = sourcecode.swift; name = MapViewController.swift; path = DartApp/MapViewController.swift; sourceTree = "<group>"; };
		A03678FF1F56DB6A00A4D845 /* Base */ = {isa = PBXFileReference; lastKnownFileType = file.storyboard; name = Base; path = Base.lproj/MapViewController.storyboard; sourceTree = "<group>"; };
		A03679041F56DB6A00A4D845 /* Base */ = {isa = PBXFileReference; lastKnownFileType = file.storyboard; name = Base; path = Base.lproj/LaunchScreen.storyboard; sourceTree = "<group>"; };
		A03679061F56DB6A00A4D845 /* Info.plist */ = {isa = PBXFileReference; lastKnownFileType = text.plist.xml; path = Info.plist; sourceTree = "<group>"; };
		A03679131F56E1D400A4D845 /* Assets.xcassets */ = {isa = PBXFileReference; lastKnownFileType = folder.assetcatalog; path = Assets.xcassets; sourceTree = "<group>"; };
		A03679171F56E7C000A4D845 /* MainViewController.storyboard */ = {isa = PBXFileReference; fileEncoding = 4; lastKnownFileType = file.storyboard; path = MainViewController.storyboard; sourceTree = "<group>"; };
		A03679191F56E7F100A4D845 /* MainViewController.swift */ = {isa = PBXFileReference; fileEncoding = 4; lastKnownFileType = sourcecode.swift; path = MainViewController.swift; sourceTree = "<group>"; };
		A036791B1F57B9EE00A4D845 /* LoginViewController.swift */ = {isa = PBXFileReference; fileEncoding = 4; lastKnownFileType = sourcecode.swift; path = LoginViewController.swift; sourceTree = "<group>"; };
		A036791D1F57B9FB00A4D845 /* LoginViewController.storyboard */ = {isa = PBXFileReference; fileEncoding = 4; lastKnownFileType = file.storyboard; path = LoginViewController.storyboard; sourceTree = "<group>"; };
		A036791F1F57BA2100A4D845 /* SignUpViewController.swift */ = {isa = PBXFileReference; fileEncoding = 4; lastKnownFileType = sourcecode.swift; path = SignUpViewController.swift; sourceTree = "<group>"; };
		A03679211F57BA2C00A4D845 /* SignUpViewController.storyboard */ = {isa = PBXFileReference; fileEncoding = 4; lastKnownFileType = file.storyboard; path = SignUpViewController.storyboard; sourceTree = "<group>"; };
		A03679231F57BA4500A4D845 /* TicketViewController.storyboard */ = {isa = PBXFileReference; fileEncoding = 4; lastKnownFileType = file.storyboard; path = TicketViewController.storyboard; sourceTree = "<group>"; };
		A03679251F57BA5400A4D845 /* TicketViewController.swift */ = {isa = PBXFileReference; fileEncoding = 4; lastKnownFileType = sourcecode.swift; path = TicketViewController.swift; sourceTree = "<group>"; };
		A03679271F57BA7200A4D845 /* UserViewController.swift */ = {isa = PBXFileReference; fileEncoding = 4; lastKnownFileType = sourcecode.swift; path = UserViewController.swift; sourceTree = "<group>"; };
		A03679291F57BA8B00A4D845 /* UserViewController.storyboard */ = {isa = PBXFileReference; fileEncoding = 4; lastKnownFileType = file.storyboard; path = UserViewController.storyboard; sourceTree = "<group>"; };
		A036792B1F57BC3E00A4D845 /* CustomerServiceViewController.storyboard */ = {isa = PBXFileReference; fileEncoding = 4; lastKnownFileType = file.storyboard; path = CustomerServiceViewController.storyboard; sourceTree = "<group>"; };
		A036792D1F57BC4F00A4D845 /* CustomerServiceViewController.swift */ = {isa = PBXFileReference; fileEncoding = 4; lastKnownFileType = sourcecode.swift; path = CustomerServiceViewController.swift; sourceTree = "<group>"; };
		A036792F1F57BC6100A4D845 /* SettingsViewController.swift */ = {isa = PBXFileReference; fileEncoding = 4; lastKnownFileType = sourcecode.swift; path = SettingsViewController.swift; sourceTree = "<group>"; };
		A03679311F57BC8300A4D845 /* SettingsViewController.storyboard */ = {isa = PBXFileReference; fileEncoding = 4; lastKnownFileType = file.storyboard; path = SettingsViewController.storyboard; sourceTree = "<group>"; };
		A03679331F57BCF600A4D845 /* AlertUtil.swift */ = {isa = PBXFileReference; fileEncoding = 4; lastKnownFileType = sourcecode.swift; path = AlertUtil.swift; sourceTree = "<group>"; };
		A03679351F57BD5F00A4D845 /* Constants.swift */ = {isa = PBXFileReference; fileEncoding = 4; lastKnownFileType = sourcecode.swift; path = Constants.swift; sourceTree = "<group>"; };
		A03679381F57D02300A4D845 /* DartUser.swift */ = {isa = PBXFileReference; fileEncoding = 4; lastKnownFileType = sourcecode.swift; path = DartUser.swift; sourceTree = "<group>"; };
		A036793A1F57DBDE00A4D845 /* TimeUtil.swift */ = {isa = PBXFileReference; fileEncoding = 4; lastKnownFileType = sourcecode.swift; path = TimeUtil.swift; sourceTree = "<group>"; };
/* End PBXFileReference section */

/* Begin PBXFrameworksBuildPhase section */
		A03678F41F56DB6A00A4D845 /* Frameworks */ = {
			isa = PBXFrameworksBuildPhase;
			buildActionMask = 2147483647;
			files = (
			);
			runOnlyForDeploymentPostprocessing = 0;
		};
/* End PBXFrameworksBuildPhase section */

/* Begin PBXGroup section */
		A03678EE1F56DB6A00A4D845 = {
			isa = PBXGroup;
			children = (
				A03679371F57CFFC00A4D845 /* Model */,
				A03679161F56E79100A4D845 /* Util */,
				A03679151F56E78B00A4D845 /* Main */,
				A03679121F56DC4A00A4D845 /* CustomerService */,
				A03679111F56DC4100A4D845 /* Settings */,
				A03679101F56DC3100A4D845 /* Map */,
				A036790F1F56DBA600A4D845 /* User */,
				A036790E1F56DB9F00A4D845 /* Ticket */,
				A036790D1F56DB9800A4D845 /* SignUp */,
				A036790C1F56DB8E00A4D845 /* Login */,
				A03678F91F56DB6A00A4D845 /* DartApp */,
				A03678F81F56DB6A00A4D845 /* Products */,
			);
			sourceTree = "<group>";
		};
		A03678F81F56DB6A00A4D845 /* Products */ = {
			isa = PBXGroup;
			children = (
				A03678F71F56DB6A00A4D845 /* DartApp.app */,
			);
			name = Products;
			sourceTree = "<group>";
		};
		A03678F91F56DB6A00A4D845 /* DartApp */ = {
			isa = PBXGroup;
			children = (
				A03678FA1F56DB6A00A4D845 /* AppDelegate.swift */,
				A03679131F56E1D400A4D845 /* Assets.xcassets */,
				A03679031F56DB6A00A4D845 /* LaunchScreen.storyboard */,
				A03679061F56DB6A00A4D845 /* Info.plist */,
			);
			path = DartApp;
			sourceTree = "<group>";
		};
		A036790C1F56DB8E00A4D845 /* Login */ = {
			isa = PBXGroup;
			children = (
				A036791B1F57B9EE00A4D845 /* LoginViewController.swift */,
				A036791D1F57B9FB00A4D845 /* LoginViewController.storyboard */,
			);
			name = Login;
			sourceTree = "<group>";
		};
		A036790D1F56DB9800A4D845 /* SignUp */ = {
			isa = PBXGroup;
			children = (
				A036791F1F57BA2100A4D845 /* SignUpViewController.swift */,
				A03679211F57BA2C00A4D845 /* SignUpViewController.storyboard */,
			);
			name = SignUp;
			sourceTree = "<group>";
		};
		A036790E1F56DB9F00A4D845 /* Ticket */ = {
			isa = PBXGroup;
			children = (
				A03679231F57BA4500A4D845 /* TicketViewController.storyboard */,
				A03679251F57BA5400A4D845 /* TicketViewController.swift */,
			);
			name = Ticket;
			sourceTree = "<group>";
		};
		A036790F1F56DBA600A4D845 /* User */ = {
			isa = PBXGroup;
			children = (
				A03679271F57BA7200A4D845 /* UserViewController.swift */,
				A03679291F57BA8B00A4D845 /* UserViewController.storyboard */,
			);
			name = User;
			sourceTree = "<group>";
		};
		A03679101F56DC3100A4D845 /* Map */ = {
			isa = PBXGroup;
			children = (
				A03678FC1F56DB6A00A4D845 /* MapViewController.swift */,
				A03678FE1F56DB6A00A4D845 /* MapViewController.storyboard */,
			);
			name = Map;
			sourceTree = "<group>";
		};
		A03679111F56DC4100A4D845 /* Settings */ = {
			isa = PBXGroup;
			children = (
				A036792F1F57BC6100A4D845 /* SettingsViewController.swift */,
				A03679311F57BC8300A4D845 /* SettingsViewController.storyboard */,
			);
			name = Settings;
			sourceTree = "<group>";
		};
		A03679121F56DC4A00A4D845 /* CustomerService */ = {
			isa = PBXGroup;
			children = (
				A036792B1F57BC3E00A4D845 /* CustomerServiceViewController.storyboard */,
				A036792D1F57BC4F00A4D845 /* CustomerServiceViewController.swift */,
			);
			name = CustomerService;
			sourceTree = "<group>";
		};
		A03679151F56E78B00A4D845 /* Main */ = {
			isa = PBXGroup;
			children = (
				A03679171F56E7C000A4D845 /* MainViewController.storyboard */,
				A03679191F56E7F100A4D845 /* MainViewController.swift */,
			);
			name = Main;
			sourceTree = "<group>";
		};
		A03679161F56E79100A4D845 /* Util */ = {
			isa = PBXGroup;
			children = (
				A03679331F57BCF600A4D845 /* AlertUtil.swift */,
				A03679351F57BD5F00A4D845 /* Constants.swift */,
				A036793A1F57DBDE00A4D845 /* TimeUtil.swift */,
			);
			name = Util;
			sourceTree = "<group>";
		};
		A03679371F57CFFC00A4D845 /* Model */ = {
			isa = PBXGroup;
			children = (
				A03679381F57D02300A4D845 /* DartUser.swift */,
			);
			name = Model;
			sourceTree = "<group>";
		};
/* End PBXGroup section */

/* Begin PBXNativeTarget section */
		A03678F61F56DB6A00A4D845 /* DartApp */ = {
			isa = PBXNativeTarget;
			buildConfigurationList = A03679091F56DB6A00A4D845 /* Build configuration list for PBXNativeTarget "DartApp" */;
			buildPhases = (
				A03678F31F56DB6A00A4D845 /* Sources */,
				A03678F41F56DB6A00A4D845 /* Frameworks */,
				A03678F51F56DB6A00A4D845 /* Resources */,
			);
			buildRules = (
			);
			dependencies = (
			);
			name = DartApp;
			productName = DartApp;
			productReference = A03678F71F56DB6A00A4D845 /* DartApp.app */;
			productType = "com.apple.product-type.application";
		};
/* End PBXNativeTarget section */

/* Begin PBXProject section */
		A03678EF1F56DB6A00A4D845 /* Project object */ = {
			isa = PBXProject;
			attributes = {
				LastSwiftUpdateCheck = 0830;
				LastUpgradeCheck = 0830;
				ORGANIZATIONNAME = "Ally Mahmoud";
				TargetAttributes = {
					A03678F61F56DB6A00A4D845 = {
						CreatedOnToolsVersion = 8.3.3;
						DevelopmentTeam = FM2EY39XWE;
						ProvisioningStyle = Automatic;
					};
				};
			};
			buildConfigurationList = A03678F21F56DB6A00A4D845 /* Build configuration list for PBXProject "DartApp" */;
			compatibilityVersion = "Xcode 3.2";
			developmentRegion = English;
			hasScannedForEncodings = 0;
			knownRegions = (
				en,
				Base,
			);
			mainGroup = A03678EE1F56DB6A00A4D845;
			productRefGroup = A03678F81F56DB6A00A4D845 /* Products */;
			projectDirPath = "";
			projectRoot = "";
			targets = (
				A03678F61F56DB6A00A4D845 /* DartApp */,
			);
		};
/* End PBXProject section */

/* Begin PBXResourcesBuildPhase section */
		A03678F51F56DB6A00A4D845 /* Resources */ = {
			isa = PBXResourcesBuildPhase;
			buildActionMask = 2147483647;
			files = (
				A03679181F56E7C000A4D845 /* MainViewController.storyboard in Resources */,
				A03679051F56DB6A00A4D845 /* LaunchScreen.storyboard in Resources */,
				A03679321F57BC8300A4D845 /* SettingsViewController.storyboard in Resources */,
				A036792A1F57BA8B00A4D845 /* UserViewController.storyboard in Resources */,
				A036791E1F57B9FB00A4D845 /* LoginViewController.storyboard in Resources */,
				A03679241F57BA4500A4D845 /* TicketViewController.storyboard in Resources */,
				A03679141F56E1D400A4D845 /* Assets.xcassets in Resources */,
				A03679001F56DB6A00A4D845 /* MapViewController.storyboard in Resources */,
				A036792C1F57BC3E00A4D845 /* CustomerServiceViewController.storyboard in Resources */,
				A03679221F57BA2C00A4D845 /* SignUpViewController.storyboard in Resources */,
			);
			runOnlyForDeploymentPostprocessing = 0;
		};
/* End PBXResourcesBuildPhase section */

/* Begin PBXSourcesBuildPhase section */
		A03678F31F56DB6A00A4D845 /* Sources */ = {
			isa = PBXSourcesBuildPhase;
			buildActionMask = 2147483647;
			files = (
				A036792E1F57BC4F00A4D845 /* CustomerServiceViewController.swift in Sources */,
				A03679361F57BD5F00A4D845 /* Constants.swift in Sources */,
				A03679281F57BA7200A4D845 /* UserViewController.swift in Sources */,
				A036791C1F57B9EE00A4D845 /* LoginViewController.swift in Sources */,
				A036791A1F56E7F100A4D845 /* MainViewController.swift in Sources */,
				A03679261F57BA5400A4D845 /* TicketViewController.swift in Sources */,
				A03678FD1F56DB6A00A4D845 /* MapViewController.swift in Sources */,
				A03678FB1F56DB6A00A4D845 /* AppDelegate.swift in Sources */,
				A036793B1F57DBDE00A4D845 /* TimeUtil.swift in Sources */,
				A03679201F57BA2100A4D845 /* SignUpViewController.swift in Sources */,
				A03679341F57BCF600A4D845 /* AlertUtil.swift in Sources */,
				A03679301F57BC6100A4D845 /* SettingsViewController.swift in Sources */,
				A03679391F57D02300A4D845 /* DartUser.swift in Sources */,
			);
			runOnlyForDeploymentPostprocessing = 0;
		};
/* End PBXSourcesBuildPhase section */

/* Begin PBXVariantGroup section */
		A03678FE1F56DB6A00A4D845 /* MapViewController.storyboard */ = {
			isa = PBXVariantGroup;
			children = (
				A03678FF1F56DB6A00A4D845 /* Base */,
			);
			name = MapViewController.storyboard;
			path = DartApp;
			sourceTree = "<group>";
		};
		A03679031F56DB6A00A4D845 /* LaunchScreen.storyboard */ = {
			isa = PBXVariantGroup;
			children = (
				A03679041F56DB6A00A4D845 /* Base */,
			);
			name = LaunchScreen.storyboard;
			sourceTree = "<group>";
		};
/* End PBXVariantGroup section */

/* Begin XCBuildConfiguration section */
		A03679071F56DB6A00A4D845 /* Debug */ = {
			isa = XCBuildConfiguration;
			buildSettings = {
				ALWAYS_SEARCH_USER_PATHS = NO;
				CLANG_ANALYZER_NONNULL = YES;
				CLANG_ANALYZER_NUMBER_OBJECT_CONVERSION = YES_AGGRESSIVE;
				CLANG_CXX_LANGUAGE_STANDARD = "gnu++0x";
				CLANG_CXX_LIBRARY = "libc++";
				CLANG_ENABLE_MODULES = YES;
				CLANG_ENABLE_OBJC_ARC = YES;
				CLANG_WARN_BOOL_CONVERSION = YES;
				CLANG_WARN_CONSTANT_CONVERSION = YES;
				CLANG_WARN_DIRECT_OBJC_ISA_USAGE = YES_ERROR;
				CLANG_WARN_DOCUMENTATION_COMMENTS = YES;
				CLANG_WARN_EMPTY_BODY = YES;
				CLANG_WARN_ENUM_CONVERSION = YES;
				CLANG_WARN_INFINITE_RECURSION = YES;
				CLANG_WARN_INT_CONVERSION = YES;
				CLANG_WARN_OBJC_ROOT_CLASS = YES_ERROR;
				CLANG_WARN_SUSPICIOUS_MOVE = YES;
				CLANG_WARN_UNREACHABLE_CODE = YES;
				CLANG_WARN__DUPLICATE_METHOD_MATCH = YES;
				"CODE_SIGN_IDENTITY[sdk=iphoneos*]" = "iPhone Developer";
				COPY_PHASE_STRIP = NO;
				DEBUG_INFORMATION_FORMAT = dwarf;
				ENABLE_STRICT_OBJC_MSGSEND = YES;
				ENABLE_TESTABILITY = YES;
				GCC_C_LANGUAGE_STANDARD = gnu99;
				GCC_DYNAMIC_NO_PIC = NO;
				GCC_NO_COMMON_BLOCKS = YES;
				GCC_OPTIMIZATION_LEVEL = 0;
				GCC_PREPROCESSOR_DEFINITIONS = (
					"DEBUG=1",
					"$(inherited)",
				);
				GCC_WARN_64_TO_32_BIT_CONVERSION = YES;
				GCC_WARN_ABOUT_RETURN_TYPE = YES_ERROR;
				GCC_WARN_UNDECLARED_SELECTOR = YES;
				GCC_WARN_UNINITIALIZED_AUTOS = YES_AGGRESSIVE;
				GCC_WARN_UNUSED_FUNCTION = YES;
				GCC_WARN_UNUSED_VARIABLE = YES;
				IPHONEOS_DEPLOYMENT_TARGET = 10.3;
				MTL_ENABLE_DEBUG_INFO = YES;
				ONLY_ACTIVE_ARCH = YES;
				SDKROOT = iphoneos;
				SWIFT_ACTIVE_COMPILATION_CONDITIONS = DEBUG;
				SWIFT_OPTIMIZATION_LEVEL = "-Onone";
				TARGETED_DEVICE_FAMILY = "1,2";
			};
			name = Debug;
		};
		A03679081F56DB6A00A4D845 /* Release */ = {
			isa = XCBuildConfiguration;
			buildSettings = {
				ALWAYS_SEARCH_USER_PATHS = NO;
				CLANG_ANALYZER_NONNULL = YES;
				CLANG_ANALYZER_NUMBER_OBJECT_CONVERSION = YES_AGGRESSIVE;
				CLANG_CXX_LANGUAGE_STANDARD = "gnu++0x";
				CLANG_CXX_LIBRARY = "libc++";
				CLANG_ENABLE_MODULES = YES;
				CLANG_ENABLE_OBJC_ARC = YES;
				CLANG_WARN_BOOL_CONVERSION = YES;
				CLANG_WARN_CONSTANT_CONVERSION = YES;
				CLANG_WARN_DIRECT_OBJC_ISA_USAGE = YES_ERROR;
				CLANG_WARN_DOCUMENTATION_COMMENTS = YES;
				CLANG_WARN_EMPTY_BODY = YES;
				CLANG_WARN_ENUM_CONVERSION = YES;
				CLANG_WARN_INFINITE_RECURSION = YES;
				CLANG_WARN_INT_CONVERSION = YES;
				CLANG_WARN_OBJC_ROOT_CLASS = YES_ERROR;
				CLANG_WARN_SUSPICIOUS_MOVE = YES;
				CLANG_WARN_UNREACHABLE_CODE = YES;
				CLANG_WARN__DUPLICATE_METHOD_MATCH = YES;
				"CODE_SIGN_IDENTITY[sdk=iphoneos*]" = "iPhone Developer";
				COPY_PHASE_STRIP = NO;
				DEBUG_INFORMATION_FORMAT = "dwarf-with-dsym";
				ENABLE_NS_ASSERTIONS = NO;
				ENABLE_STRICT_OBJC_MSGSEND = YES;
				GCC_C_LANGUAGE_STANDARD = gnu99;
				GCC_NO_COMMON_BLOCKS = YES;
				GCC_WARN_64_TO_32_BIT_CONVERSION = YES;
				GCC_WARN_ABOUT_RETURN_TYPE = YES_ERROR;
				GCC_WARN_UNDECLARED_SELECTOR = YES;
				GCC_WARN_UNINITIALIZED_AUTOS = YES_AGGRESSIVE;
				GCC_WARN_UNUSED_FUNCTION = YES;
				GCC_WARN_UNUSED_VARIABLE = YES;
				IPHONEOS_DEPLOYMENT_TARGET = 10.3;
				MTL_ENABLE_DEBUG_INFO = NO;
				SDKROOT = iphoneos;
				SWIFT_OPTIMIZATION_LEVEL = "-Owholemodule";
				TARGETED_DEVICE_FAMILY = "1,2";
				VALIDATE_PRODUCT = YES;
			};
			name = Release;
		};
		A036790A1F56DB6A00A4D845 /* Debug */ = {
			isa = XCBuildConfiguration;
			buildSettings = {
				ASSETCATALOG_COMPILER_APPICON_NAME = AppIcon;
				DEVELOPMENT_TEAM = FM2EY39XWE;
				INFOPLIST_FILE = DartApp/Info.plist;
				LD_RUNPATH_SEARCH_PATHS = "$(inherited) @executable_path/Frameworks";
				PRODUCT_BUNDLE_IDENTIFIER = com.Ally.DartApp;
				PRODUCT_NAME = "$(TARGET_NAME)";
				SWIFT_VERSION = 3.0;
			};
			name = Debug;
		};
		A036790B1F56DB6A00A4D845 /* Release */ = {
			isa = XCBuildConfiguration;
			buildSettings = {
				ASSETCATALOG_COMPILER_APPICON_NAME = AppIcon;
				DEVELOPMENT_TEAM = FM2EY39XWE;
				INFOPLIST_FILE = DartApp/Info.plist;
				LD_RUNPATH_SEARCH_PATHS = "$(inherited) @executable_path/Frameworks";
				PRODUCT_BUNDLE_IDENTIFIER = com.Ally.DartApp;
				PRODUCT_NAME = "$(TARGET_NAME)";
				SWIFT_VERSION = 3.0;
			};
			name = Release;
		};
/* End XCBuildConfiguration section */

/* Begin XCConfigurationList section */
		A03678F21F56DB6A00A4D845 /* Build configuration list for PBXProject "DartApp" */ = {
			isa = XCConfigurationList;
			buildConfigurations = (
				A03679071F56DB6A00A4D845 /* Debug */,
				A03679081F56DB6A00A4D845 /* Release */,
			);
			defaultConfigurationIsVisible = 0;
			defaultConfigurationName = Release;
		};
		A03679091F56DB6A00A4D845 /* Build configuration list for PBXNativeTarget "DartApp" */ = {
			isa = XCConfigurationList;
			buildConfigurations = (
				A036790A1F56DB6A00A4D845 /* Debug */,
				A036790B1F56DB6A00A4D845 /* Release */,
			);
			defaultConfigurationIsVisible = 0;
		};
/* End XCConfigurationList section */
	};
	rootObject = A03678EF1F56DB6A00A4D845 /* Project object */;
}
