// !$*UTF8*$!
{
	archiveVersion = 1;
	classes = {
	};
	objectVersion = 46;
	objects = {

/* Begin PBXBuildFile section */
		A03678FB1F56DB6A00A4D845 /* AppDelegate.swift in Sources */ = {isa = PBXBuildFile; fileRef = A03678FA1F56DB6A00A4D845 /* AppDelegate.swift */; };
		A03678FD1F56DB6A00A4D845 /* ViewController.swift in Sources */ = {isa = PBXBuildFile; fileRef = A03678FC1F56DB6A00A4D845 /* ViewController.swift */; };
		A03679001F56DB6A00A4D845 /* Main.storyboard in Resources */ = {isa = PBXBuildFile; fileRef = A03678FE1F56DB6A00A4D845 /* Main.storyboard */; };
		A03679021F56DB6A00A4D845 /* Assets.xcassets in Resources */ = {isa = PBXBuildFile; fileRef = A03679011F56DB6A00A4D845 /* Assets.xcassets */; };
		A03679051F56DB6A00A4D845 /* LaunchScreen.storyboard in Resources */ = {isa = PBXBuildFile; fileRef = A03679031F56DB6A00A4D845 /* LaunchScreen.storyboard */; };
/* End PBXBuildFile section */

/* Begin PBXFileReference section */
		A03678F71F56DB6A00A4D845 /* DartApp.app */ = {isa = PBXFileReference; explicitFileType = wrapper.application; includeInIndex = 0; path = DartApp.app; sourceTree = BUILT_PRODUCTS_DIR; };
		A03678FA1F56DB6A00A4D845 /* AppDelegate.swift */ = {isa = PBXFileReference; lastKnownFileType = sourcecode.swift; path = AppDelegate.swift; sourceTree = "<group>"; };
		A03678FC1F56DB6A00A4D845 /* ViewController.swift */ = {isa = PBXFileReference; lastKnownFileType = sourcecode.swift; path = ViewController.swift; sourceTree = "<group>"; };
		A03678FF1F56DB6A00A4D845 /* Base */ = {isa = PBXFileReference; lastKnownFileType = file.storyboard; name = Base; path = Base.lproj/Main.storyboard; sourceTree = "<group>"; };
		A03679011F56DB6A00A4D845 /* Assets.xcassets */ = {isa = PBXFileReference; lastKnownFileType = folder.assetcatalog; path = Assets.xcassets; sourceTree = "<group>"; };
		A03679041F56DB6A00A4D845 /* Base */ = {isa = PBXFileReference; lastKnownFileType = file.storyboard; name = Base; path = Base.lproj/LaunchScreen.storyboard; sourceTree = "<group>"; };
		A03679061F56DB6A00A4D845 /* Info.plist */ = {isa = PBXFileReference; lastKnownFileType = text.plist.xml; path = Info.plist; sourceTree = "<group>"; };
/* End PBXFileReference section */

/* Begin PBXFrameworksBuildPhase section */
		A03678F41F56DB6A00A4D845 /* Frameworks */ = {
			isa = PBXFrameworksBuildPhase;
			buildActionMask = 2147483647;
			files = (
			);
			runOnlyForDeploymentPostprocessing = 0;
		};
/* End PBXFrameworksBuildPhase section */

/* Begin PBXGroup section */
		A03678EE1F56DB6A00A4D845 = {
			isa = PBXGroup;
			children = (
				A03678F91F56DB6A00A4D845 /* DartApp */,
				A03678F81F56DB6A00A4D845 /* Products */,
			);
			sourceTree = "<group>";
		};
		A03678F81F56DB6A00A4D845 /* Products */ = {
			isa = PBXGroup;
			children = (
				A03678F71F56DB6A00A4D845 /* DartApp.app */,
			);
			name = Products;
			sourceTree = "<group>";
		};
		A03678F91F56DB6A00A4D845 /* DartApp */ = {
			isa = PBXGroup;
			children = (
				A03678FA1F56DB6A00A4D845 /* AppDelegate.swift */,
				A03678FC1F56DB6A00A4D845 /* ViewController.swift */,
				A03678FE1F56DB6A00A4D845 /* Main.storyboard */,
				A03679011F56DB6A00A4D845 /* Assets.xcassets */,
				A03679031F56DB6A00A4D845 /* LaunchScreen.storyboard */,
				A03679061F56DB6A00A4D845 /* Info.plist */,
			);
			path = DartApp;
			sourceTree = "<group>";
		};
/* End PBXGroup section */

/* Begin PBXNativeTarget section */
		A03678F61F56DB6A00A4D845 /* DartApp */ = {
			isa = PBXNativeTarget;
			buildConfigurationList = A03679091F56DB6A00A4D845 /* Build configuration list for PBXNativeTarget "DartApp" */;
			buildPhases = (
				A03678F31F56DB6A00A4D845 /* Sources */,
				A03678F41F56DB6A00A4D845 /* Frameworks */,
				A03678F51F56DB6A00A4D845 /* Resources */,
			);
			buildRules = (
			);
			dependencies = (
			);
			name = DartApp;
			productName = DartApp;
			productReference = A03678F71F56DB6A00A4D845 /* DartApp.app */;
			productType = "com.apple.product-type.application";
		};
/* End PBXNativeTarget section */

/* Begin PBXProject section */
		A03678EF1F56DB6A00A4D845 /* Project object */ = {
			isa = PBXProject;
			attributes = {
				LastSwiftUpdateCheck = 0830;
				LastUpgradeCheck = 0830;
				ORGANIZATIONNAME = "Ally Mahmoud";
				TargetAttributes = {
					A03678F61F56DB6A00A4D845 = {
						CreatedOnToolsVersion = 8.3.3;
						DevelopmentTeam = FM2EY39XWE;
						ProvisioningStyle = Automatic;
					};
				};
			};
			buildConfigurationList = A03678F21F56DB6A00A4D845 /* Build configuration list for PBXProject "DartApp" */;
			compatibilityVersion = "Xcode 3.2";
			developmentRegion = English;
			hasScannedForEncodings = 0;
			knownRegions = (
				en,
				Base,
			);
			mainGroup = A03678EE1F56DB6A00A4D845;
			productRefGroup = A03678F81F56DB6A00A4D845 /* Products */;
			projectDirPath = "";
			projectRoot = "";
			targets = (
				A03678F61F56DB6A00A4D845 /* DartApp */,
			);
		};
/* End PBXProject section */

/* Begin PBXResourcesBuildPhase section */
		A03678F51F56DB6A00A4D845 /* Resources */ = {
			isa = PBXResourcesBuildPhase;
			buildActionMask = 2147483647;
			files = (
				A03679051F56DB6A00A4D845 /* LaunchScreen.storyboard in Resources */,
				A03679021F56DB6A00A4D845 /* Assets.xcassets in Resources */,
				A03679001F56DB6A00A4D845 /* Main.storyboard in Resources */,
			);
			runOnlyForDeploymentPostprocessing = 0;
		};
/* End PBXResourcesBuildPhase section */

/* Begin PBXSourcesBuildPhase section */
		A03678F31F56DB6A00A4D845 /* Sources */ = {
			isa = PBXSourcesBuildPhase;
			buildActionMask = 2147483647;
			files = (
				A03678FD1F56DB6A00A4D845 /* ViewController.swift in Sources */,
				A03678FB1F56DB6A00A4D845 /* AppDelegate.swift in Sources */,
			);
			runOnlyForDeploymentPostprocessing = 0;
		};
/* End PBXSourcesBuildPhase section */

/* Begin PBXVariantGroup section */
		A03678FE1F56DB6A00A4D845 /* Main.storyboard */ = {
			isa = PBXVariantGroup;
			children = (
				A03678FF1F56DB6A00A4D845 /* Base */,
			);
			name = Main.storyboard;
			sourceTree = "<group>";
		};
		A03679031F56DB6A00A4D845 /* LaunchScreen.storyboard */ = {
			isa = PBXVariantGroup;
			children = (
				A03679041F56DB6A00A4D845 /* Base */,
			);
			name = LaunchScreen.storyboard;
			sourceTree = "<group>";
		};
/* End PBXVariantGroup section */

/* Begin XCBuildConfiguration section */
		A03679071F56DB6A00A4D845 /* Debug */ = {
			isa = XCBuildConfiguration;
			buildSettings = {
				ALWAYS_SEARCH_USER_PATHS = NO;
				CLANG_ANALYZER_NONNULL = YES;
				CLANG_ANALYZER_NUMBER_OBJECT_CONVERSION = YES_AGGRESSIVE;
				CLANG_CXX_LANGUAGE_STANDARD = "gnu++0x";
				CLANG_CXX_LIBRARY = "libc++";
				CLANG_ENABLE_MODULES = YES;
				CLANG_ENABLE_OBJC_ARC = YES;
				CLANG_WARN_BOOL_CONVERSION = YES;
				CLANG_WARN_CONSTANT_CONVERSION = YES;
				CLANG_WARN_DIRECT_OBJC_ISA_USAGE = YES_ERROR;
				CLANG_WARN_DOCUMENTATION_COMMENTS = YES;
				CLANG_WARN_EMPTY_BODY = YES;
				CLANG_WARN_ENUM_CONVERSION = YES;
				CLANG_WARN_INFINITE_RECURSION = YES;
				CLANG_WARN_INT_CONVERSION = YES;
				CLANG_WARN_OBJC_ROOT_CLASS = YES_ERROR;
				CLANG_WARN_SUSPICIOUS_MOVE = YES;
				CLANG_WARN_UNREACHABLE_CODE = YES;
				CLANG_WARN__DUPLICATE_METHOD_MATCH = YES;
				"CODE_SIGN_IDENTITY[sdk=iphoneos*]" = "iPhone Developer";
				COPY_PHASE_STRIP = NO;
				DEBUG_INFORMATION_FORMAT = dwarf;
				ENABLE_STRICT_OBJC_MSGSEND = YES;
				ENABLE_TESTABILITY = YES;
				GCC_C_LANGUAGE_STANDARD = gnu99;
				GCC_DYNAMIC_NO_PIC = NO;
				GCC_NO_COMMON_BLOCKS = YES;
				GCC_OPTIMIZATION_LEVEL = 0;
				GCC_PREPROCESSOR_DEFINITIONS = (
					"DEBUG=1",
					"$(inherited)",
				);
				GCC_WARN_64_TO_32_BIT_CONVERSION = YES;
				GCC_WARN_ABOUT_RETURN_TYPE = YES_ERROR;
				GCC_WARN_UNDECLARED_SELECTOR = YES;
				GCC_WARN_UNINITIALIZED_AUTOS = YES_AGGRESSIVE;
				GCC_WARN_UNUSED_FUNCTION = YES;
				GCC_WARN_UNUSED_VARIABLE = YES;
				IPHONEOS_DEPLOYMENT_TARGET = 10.3;
				MTL_ENABLE_DEBUG_INFO = YES;
				ONLY_ACTIVE_ARCH = YES;
				SDKROOT = iphoneos;
				SWIFT_ACTIVE_COMPILATION_CONDITIONS = DEBUG;
				SWIFT_OPTIMIZATION_LEVEL = "-Onone";
				TARGETED_DEVICE_FAMILY = "1,2";
			};
			name = Debug;
		};
		A03679081F56DB6A00A4D845 /* Release */ = {
			isa = XCBuildConfiguration;
			buildSettings = {
				ALWAYS_SEARCH_USER_PATHS = NO;
				CLANG_ANALYZER_NONNULL = YES;
				CLANG_ANALYZER_NUMBER_OBJECT_CONVERSION = YES_AGGRESSIVE;
				CLANG_CXX_LANGUAGE_STANDARD = "gnu++0x";
				CLANG_CXX_LIBRARY = "libc++";
				CLANG_ENABLE_MODULES = YES;
				CLANG_ENABLE_OBJC_ARC = YES;
				CLANG_WARN_BOOL_CONVERSION = YES;
				CLANG_WARN_CONSTANT_CONVERSION = YES;
				CLANG_WARN_DIRECT_OBJC_ISA_USAGE = YES_ERROR;
				CLANG_WARN_DOCUMENTATION_COMMENTS = YES;
				CLANG_WARN_EMPTY_BODY = YES;
				CLANG_WARN_ENUM_CONVERSION = YES;
				CLANG_WARN_INFINITE_RECURSION = YES;
				CLANG_WARN_INT_CONVERSION = YES;
				CLANG_WARN_OBJC_ROOT_CLASS = YES_ERROR;
				CLANG_WARN_SUSPICIOUS_MOVE = YES;
				CLANG_WARN_UNREACHABLE_CODE = YES;
				CLANG_WARN__DUPLICATE_METHOD_MATCH = YES;
				"CODE_SIGN_IDENTITY[sdk=iphoneos*]" = "iPhone Developer";
				COPY_PHASE_STRIP = NO;
				DEBUG_INFORMATION_FORMAT = "dwarf-with-dsym";
				ENABLE_NS_ASSERTIONS = NO;
				ENABLE_STRICT_OBJC_MSGSEND = YES;
				GCC_C_LANGUAGE_STANDARD = gnu99;
				GCC_NO_COMMON_BLOCKS = YES;
				GCC_WARN_64_TO_32_BIT_CONVERSION = YES;
				GCC_WARN_ABOUT_RETURN_TYPE = YES_ERROR;
				GCC_WARN_UNDECLARED_SELECTOR = YES;
				GCC_WARN_UNINITIALIZED_AUTOS = YES_AGGRESSIVE;
				GCC_WARN_UNUSED_FUNCTION = YES;
				GCC_WARN_UNUSED_VARIABLE = YES;
				IPHONEOS_DEPLOYMENT_TARGET = 10.3;
				MTL_ENABLE_DEBUG_INFO = NO;
				SDKROOT = iphoneos;
				SWIFT_OPTIMIZATION_LEVEL = "-Owholemodule";
				TARGETED_DEVICE_FAMILY = "1,2";
				VALIDATE_PRODUCT = YES;
			};
			name = Release;
		};
		A036790A1F56DB6A00A4D845 /* Debug */ = {
			isa = XCBuildConfiguration;
			buildSettings = {
				ASSETCATALOG_COMPILER_APPICON_NAME = AppIcon;
				DEVELOPMENT_TEAM = FM2EY39XWE;
				INFOPLIST_FILE = DartApp/Info.plist;
				LD_RUNPATH_SEARCH_PATHS = "$(inherited) @executable_path/Frameworks";
				PRODUCT_BUNDLE_IDENTIFIER = com.Ally.DartApp;
				PRODUCT_NAME = "$(TARGET_NAME)";
				SWIFT_VERSION = 3.0;
			};
			name = Debug;
		};
		A036790B1F56DB6A00A4D845 /* Release */ = {
			isa = XCBuildConfiguration;
			buildSettings = {
				ASSETCATALOG_COMPILER_APPICON_NAME = AppIcon;
				DEVELOPMENT_TEAM = FM2EY39XWE;
				INFOPLIST_FILE = DartApp/Info.plist;
				LD_RUNPATH_SEARCH_PATHS = "$(inherited) @executable_path/Frameworks";
				PRODUCT_BUNDLE_IDENTIFIER = com.Ally.DartApp;
				PRODUCT_NAME = "$(TARGET_NAME)";
				SWIFT_VERSION = 3.0;
			};
			name = Release;
		};
/* End XCBuildConfiguration section */

/* Begin XCConfigurationList section */
		A03678F21F56DB6A00A4D845 /* Build configuration list for PBXProject "DartApp" */ = {
			isa = XCConfigurationList;
			buildConfigurations = (
				A03679071F56DB6A00A4D845 /* Debug */,
				A03679081F56DB6A00A4D845 /* Release */,
			);
			defaultConfigurationIsVisible = 0;
			defaultConfigurationName = Release;
		};
		A03679091F56DB6A00A4D845 /* Build configuration list for PBXNativeTarget "DartApp" */ = {
			isa = XCConfigurationList;
			buildConfigurations = (
				A036790A1F56DB6A00A4D845 /* Debug */,
				A036790B1F56DB6A00A4D845 /* Release */,
			);
			defaultConfigurationIsVisible = 0;
		};
/* End XCConfigurationList section */
	};
	rootObject = A03678EF1F56DB6A00A4D845 /* Project object */;
}
